
Microsoft Visual Studio Solution File, Format Version 12.00
# Visual Studio Version 16
VisualStudioVersion = 16.0.30709.132
MinimumVisualStudioVersion = 10.0.40219.1
Project("{9A19103F-16F7-4668-BE54-9A1E7A4F7556}") = "BETMart", "BETMart\BETMart.csproj", "{35C74771-AC71-4D0D-9992-4E69034EF3A9}"
EndProject
Project("{9A19103F-16F7-4668-BE54-9A1E7A4F7556}") = "BETMart.BLL", "BETMart.BLL\BETMart.BLL.csproj", "{1D022428-743B-4825-83A7-AFD9F1158631}"
EndProject
Project("{9A19103F-16F7-4668-BE54-9A1E7A4F7556}") = "BETMart.DAL", "BETMart.DAL\BETMart.DAL.csproj", "{984B3C0A-B80D-4CDA-8F7C-51863D974E73}"
EndProject
Project("{9A19103F-16F7-4668-BE54-9A1E7A4F7556}") = "BETMart.Common", "BETMart.Common\BETMart.Common.csproj", "{7FFCC223-8660-4CA8-828F-60D4F882E909}"
EndProject
Project("{9A19103F-16F7-4668-BE54-9A1E7A4F7556}") = "BETMart.Infrastructure", "BETMart.Infrastructure\BETMart.Infrastructure.csproj", "{B0453967-B883-4DE5-82B0-A1631EF2D88B}"
EndProject
Project("{2150E333-8FDC-42A3-9474-1A3956D46DE8}") = "PresentationLayer", "PresentationLayer", "{5C2279A4-06C9-47F2-92D4-0B5EF8CB63D9}"
EndProject
Project("{2150E333-8FDC-42A3-9474-1A3956D46DE8}") = "BusinessLayer", "BusinessLayer", "{523A41A9-2A4C-4879-84AE-AB3EE0930E44}"
EndProject
Project("{2150E333-8FDC-42A3-9474-1A3956D46DE8}") = "DataAccessLayer", "DataAccessLayer", "{6251898C-ECC7-4D06-91AA-0D13277AE56D}"
EndProject
Project("{2150E333-8FDC-42A3-9474-1A3956D46DE8}") = "_Core", "_Core", "{E0CEECD6-DC1E-469E-B71E-04F161AF471E}"
EndProject
Project("{9A19103F-16F7-4668-BE54-9A1E7A4F7556}") = "BETMart.API", "BETMart.API\BETMart.API.csproj", "{33AB2745-7A74-4328-90EC-9FF5A2631A3C}"
EndProject
Project("{FAE04EC0-301F-11D3-BF4B-00C04F79EFBC}") = "BETMart.APITest", "BETMart.APITest\BETMart.APITest.csproj", "{CBAD0D31-9E1C-43E8-BD44-507E8610D152}"
EndProject
Global
	GlobalSection(SolutionConfigurationPlatforms) = preSolution
		Debug|Any CPU = Debug|Any CPU
		Release|Any CPU = Release|Any CPU
	EndGlobalSection
	GlobalSection(ProjectConfigurationPlatforms) = postSolution
		{35C74771-AC71-4D0D-9992-4E69034EF3A9}.Debug|Any CPU.ActiveCfg = Debug|Any CPU
		{35C74771-AC71-4D0D-9992-4E69034EF3A9}.Debug|Any CPU.Build.0 = Debug|Any CPU
		{35C74771-AC71-4D0D-9992-4E69034EF3A9}.Release|Any CPU.ActiveCfg = Release|Any CPU
		{35C74771-AC71-4D0D-9992-4E69034EF3A9}.Release|Any CPU.Build.0 = Release|Any CPU
		{1D022428-743B-4825-83A7-AFD9F1158631}.Debug|Any CPU.ActiveCfg = Debug|Any CPU
		{1D022428-743B-4825-83A7-AFD9F1158631}.Debug|Any CPU.Build.0 = Debug|Any CPU
		{1D022428-743B-4825-83A7-AFD9F1158631}.Release|Any CPU.ActiveCfg = Release|Any CPU
		{1D022428-743B-4825-83A7-AFD9F1158631}.Release|Any CPU.Build.0 = Release|Any CPU
		{984B3C0A-B80D-4CDA-8F7C-51863D974E73}.Debug|Any CPU.ActiveCfg = Debug|Any CPU
		{984B3C0A-B80D-4CDA-8F7C-51863D974E73}.Debug|Any CPU.Build.0 = Debug|Any CPU
		{984B3C0A-B80D-4CDA-8F7C-51863D974E73}.Release|Any CPU.ActiveCfg = Release|Any CPU
		{984B3C0A-B80D-4CDA-8F7C-51863D974E73}.Release|Any CPU.Build.0 = Release|Any CPU
		{7FFCC223-8660-4CA8-828F-60D4F882E909}.Debug|Any CPU.ActiveCfg = Debug|Any CPU
		{7FFCC223-8660-4CA8-828F-60D4F882E909}.Debug|Any CPU.Build.0 = Debug|Any CPU
		{7FFCC223-8660-4CA8-828F-60D4F882E909}.Release|Any CPU.ActiveCfg = Release|Any CPU
		{7FFCC223-8660-4CA8-828F-60D4F882E909}.Release|Any CPU.Build.0 = Release|Any CPU
		{B0453967-B883-4DE5-82B0-A1631EF2D88B}.Debug|Any CPU.ActiveCfg = Debug|Any CPU
		{B0453967-B883-4DE5-82B0-A1631EF2D88B}.Debug|Any CPU.Build.0 = Debug|Any CPU
		{B0453967-B883-4DE5-82B0-A1631EF2D88B}.Release|Any CPU.ActiveCfg = Release|Any CPU
		{B0453967-B883-4DE5-82B0-A1631EF2D88B}.Release|Any CPU.Build.0 = Release|Any CPU
		{33AB2745-7A74-4328-90EC-9FF5A2631A3C}.Debug|Any CPU.ActiveCfg = Debug|Any CPU
		{33AB2745-7A74-4328-90EC-9FF5A2631A3C}.Debug|Any CPU.Build.0 = Debug|Any CPU
		{33AB2745-7A74-4328-90EC-9FF5A2631A3C}.Release|Any CPU.ActiveCfg = Release|Any CPU
		{33AB2745-7A74-4328-90EC-9FF5A2631A3C}.Release|Any CPU.Build.0 = Release|Any CPU
		{CBAD0D31-9E1C-43E8-BD44-507E8610D152}.Debug|Any CPU.ActiveCfg = Debug|Any CPU
		{CBAD0D31-9E1C-43E8-BD44-507E8610D152}.Debug|Any CPU.Build.0 = Debug|Any CPU
		{CBAD0D31-9E1C-43E8-BD44-507E8610D152}.Release|Any CPU.ActiveCfg = Release|Any CPU
		{CBAD0D31-9E1C-43E8-BD44-507E8610D152}.Release|Any CPU.Build.0 = Release|Any CPU
	EndGlobalSection
	GlobalSection(SolutionProperties) = preSolution
		HideSolutionNode = FALSE
	EndGlobalSection
	GlobalSection(NestedProjects) = preSolution
		{35C74771-AC71-4D0D-9992-4E69034EF3A9} = {5C2279A4-06C9-47F2-92D4-0B5EF8CB63D9}
		{1D022428-743B-4825-83A7-AFD9F1158631} = {523A41A9-2A4C-4879-84AE-AB3EE0930E44}
		{984B3C0A-B80D-4CDA-8F7C-51863D974E73} = {6251898C-ECC7-4D06-91AA-0D13277AE56D}
		{7FFCC223-8660-4CA8-828F-60D4F882E909} = {E0CEECD6-DC1E-469E-B71E-04F161AF471E}
		{B0453967-B883-4DE5-82B0-A1631EF2D88B} = {E0CEECD6-DC1E-469E-B71E-04F161AF471E}
		{33AB2745-7A74-4328-90EC-9FF5A2631A3C} = {5C2279A4-06C9-47F2-92D4-0B5EF8CB63D9}
		{CBAD0D31-9E1C-43E8-BD44-507E8610D152} = {5C2279A4-06C9-47F2-92D4-0B5EF8CB63D9}
	EndGlobalSection
	GlobalSection(ExtensibilityGlobals) = postSolution
		SolutionGuid = {83206316-1084-4521-AC63-F5B6F769DC8E}
	EndGlobalSection
EndGlobal
